
Microsoft Visual Studio Solution File, Format Version 12.00
# Visual Studio Version 16
VisualStudioVersion = 16.0.29209.152
MinimumVisualStudioVersion = 10.0.40219.1
Project("{9A19103F-16F7-4668-BE54-9A1E7A4F7556}") = "Berrysoft.Pages", "Berrysoft.Pages\Berrysoft.Pages.csproj", "{20529747-10AC-41F3-BDDA-9CEB689C61C5}"
EndProject
Global
	GlobalSection(SolutionConfigurationPlatforms) = preSolution
		Debug|Any CPU = Debug|Any CPU
		Release|Any CPU = Release|Any CPU
	EndGlobalSection
	GlobalSection(ProjectConfigurationPlatforms) = postSolution
		{20529747-10AC-41F3-BDDA-9CEB689C61C5}.Debug|Any CPU.ActiveCfg = Debug|Any CPU
		{20529747-10AC-41F3-BDDA-9CEB689C61C5}.Debug|Any CPU.Build.0 = Debug|Any CPU
		{20529747-10AC-41F3-BDDA-9CEB689C61C5}.Release|Any CPU.ActiveCfg = Release|Any CPU
		{20529747-10AC-41F3-BDDA-9CEB689C61C5}.Release|Any CPU.Build.0 = Release|Any CPU
	EndGlobalSection
	GlobalSection(SolutionProperties) = preSolution
		HideSolutionNode = FALSE
	EndGlobalSection
	GlobalSection(ExtensibilityGlobals) = postSolution
		SolutionGuid = {D6E85A2F-3898-4024-A5FB-90640AE98407}
	EndGlobalSection
EndGlobal
